
Microsoft Visual Studio Solution File, Format Version 12.00
Project("{FAE04EC0-301F-11D3-BF4B-00C04F79EFBC}") = "GolfShare", "GolfShare.csproj", "{30459343-EEF1-4080-A14F-D9070B8E3840}"
EndProject
Global
	GlobalSection(SolutionConfigurationPlatforms) = preSolution
		Debug|Any CPU = Debug|Any CPU
		Release|Any CPU = Release|Any CPU
	EndGlobalSection
	GlobalSection(ProjectConfigurationPlatforms) = postSolution
		{30459343-EEF1-4080-A14F-D9070B8E3840}.Debug|Any CPU.ActiveCfg = Debug|Any CPU
		{30459343-EEF1-4080-A14F-D9070B8E3840}.Debug|Any CPU.Build.0 = Debug|Any CPU
		{30459343-EEF1-4080-A14F-D9070B8E3840}.Release|Any CPU.ActiveCfg = Release|Any CPU
		{30459343-EEF1-4080-A14F-D9070B8E3840}.Release|Any CPU.Build.0 = Release|Any CPU
	EndGlobalSection
EndGlobal
